
Microsoft Visual Studio Solution File, Format Version 12.00
# Visual Studio Version 17
VisualStudioVersion = 17.13.35913.81 d17.13
MinimumVisualStudioVersion = 10.0.40219.1
Project("{FAE04EC0-301F-11D3-BF4B-00C04F79EFBC}") = "exercicios 1014", "exercicios 1014\exercicios 1014.csproj", "{98F72240-3B97-4DC8-8A25-11FEF48C48FB}"
EndProject
Global
	GlobalSection(SolutionConfigurationPlatforms) = preSolution
		Debug|Any CPU = Debug|Any CPU
		Release|Any CPU = Release|Any CPU
	EndGlobalSection
	GlobalSection(ProjectConfigurationPlatforms) = postSolution
		{98F72240-3B97-4DC8-8A25-11FEF48C48FB}.Debug|Any CPU.ActiveCfg = Debug|Any CPU
		{98F72240-3B97-4DC8-8A25-11FEF48C48FB}.Debug|Any CPU.Build.0 = Debug|Any CPU
		{98F72240-3B97-4DC8-8A25-11FEF48C48FB}.Release|Any CPU.ActiveCfg = Release|Any CPU
		{98F72240-3B97-4DC8-8A25-11FEF48C48FB}.Release|Any CPU.Build.0 = Release|Any CPU
	EndGlobalSection
	GlobalSection(SolutionProperties) = preSolution
		HideSolutionNode = FALSE
	EndGlobalSection
	GlobalSection(ExtensibilityGlobals) = postSolution
		SolutionGuid = {C18297E5-067B-4D04-8818-D1ADE3D7718C}
	EndGlobalSection
EndGlobal
